{
  "version": 4,
  "terraform_version": "1.1.7",
  "serial": 13,
  "lineage": "e154a4cb-e29f-7be7-cba8-5c2f8e5071cb",
  "outputs": {
    "public_ip_address": {
      "value": "20.172.181.214",
      "type": "string"
    },
    "resource_group_name": {
      "value": "rg-smashing-albacore",
      "type": "string"
    },
    "tls_private_key": {
      "value": "-----BEGIN RSA PRIVATE KEY-----\nMIIJKAIBAAKCAgEAqEkvzDCU67JoSr6ZQRbGYuHmy67A1Z4lfsk55D4s+caUqGih\nJtbw9WBL2yK5YXVlOvvLtiOvovUh0hbO+GV9Z5XWzngQhspjx8ic4M1ziiU0q61a\nMMTw1fq8fi0tRSrjjMuYWA2jZTOSkGRJRZBmNmcqtzf4WqoFeOD/7jVpl4dI2Hc1\niupI06/eOhmJlHFD3rPRVzD+YUJyQgN2dVJ3hL8i+TEq6QxfqH5JqafEVFEq1T6k\npF30BYF9Nb8XlREI0lja2fVEAYWMuGuR2anHD7bkaKEwAnyxI1TyJNCgeuePezpj\n7hNV9BtceBBJXh4FQsTKJsoK1CC5D5nFRjBHW1molHQBgiu/CDEOl06Kcdj0xVEF\n3/1FXT/Idp1EbnuqFjxw6Dd47x/Y7a3zzYILLkuPESBUEAinNKDetSd/xl4dJTMk\nOP3WEk9i/SpvCW1UAFRaK0X5R2tnRoWqJ0chCVHKPzvZMhjQ2oT9Bew0FSqFsrJY\ncZHKkqPDdqmDMBUJdIwx1A0peipTrTADioiSxAaSsTV/WT3cbV8E8svSxGOgJVEG\nc/iimbVHsG5Kklr3c2/9ykf0+61MKywJ2D+YBWVd8fWY1B/1nBLwM0/EmFiQmsRI\nVWK+jSXZMFo1P0HBXX8YTglxRziz46w0cykr7cIScUbVsNVRC16qUXYVwLUCAwEA\nAQKCAgArX2mFTAQl1z6P/R3Mq80H0UdFuc2TgQYS7lQQYoH/AlJwMT9PnlhONbp3\nSTTUTIiBskHnuLzc2CcWWbCQTsAKgZDyd/lydBlRdYARZIJh2YMAuFYleazEybHp\nJ0WirRImyJaEI0e4npkow+AqoLPnU6GrxS4qV+W/KOZtg7CqUEDTIa5YFlgczxgM\ni2ZtLuAaNug+e68kbBa8st3GETIisYyXAzgXBoxlBd+AbW/pd139xf5zKo/pF12p\nC45Nai2G4UXOpSsY5U3GflsB6YMXpsCpwtl32qFhBNS/7lFeO+48CWmWA7/EgYTM\noQ33xu7+LXAYnTw7Pg/UWIKCu5C4LHcvoSJ4NBAora8vCzUE87l6/spiCkKXZRy8\n6NILGtlb/2fPa9fuV+BS1/QD9p6DFOhMYH7sAM0ZyrN4o7a8gmCwRyA76KLCJgFW\n7cneXTidY64n5qU5akc1RWtaZOGweWBwEnv0hlT4M+OQOvLYPu9/RFMrPjr/r+GA\ne/93FXUSUF7KnX+H0yO+c/5YjzqCUNz6ImlsgsyBzqS851aQKEbww6l97I5PVXUC\n4i2SoaMc4/6d2JUmxYXTeoKg3v6ptXcAdDBs4cKNCZmtOIUsvzGi7RSZ8sPg3/jS\nAPZUuJmXMtL2pW6nm2VeeVNVMW76N58SpsqlFthFBaxFS8WHhQKCAQEAxLRYbE8w\nD5zEEm4xon4Gb5UIY+xdsRSwxNadtUIa4Xfs2ipLuzBtM4E2o7tot0+RepTa1Fk1\ntF0lsmsLLz4XqDk5Gr8w1y46cLBVybXMrD6qlPxsci+N3cKpSWJMr97lOS/wS/Pj\nP14FPQGPMQzy7NEr89umaQ2BjE6pXRVSpMOrxLTsZ864HY2jG0pqmToqCqdMK6W8\nv2RfFR7VvEOsDvVBKMCSHm3wVXUzBtPM2aH55m91l6mc9a4nKWP8tnhlGydqhavY\noTKZSfkyLFpLOFiy8NnpR3jVF2IhDfp67hrOcjQPvdMtTd/1AiIw1TJGIvlPJTFJ\nptKxSvLEiKUFRwKCAQEA2wPIedHa8gKEqACsFLcDWroKrB7BaaDwgT9iky6B59Fk\nljflvVuWCcP2oVupuhl6a8ZnknNlZ6g2rGnDDNUtYfQRkFD63HT3wwAd/JsqXl9k\noFGFV/YpSnZRx4ZIxXufUDoD9iediPZ0c561D1fjPaniPlofiqxGcUxUc8J+rzaO\nVL1//VkZ4khfOzjxK4Ouh6sl/6/jVG0LGocyxzZZYfkYd3lvHueBDDdsdPYGMBYh\nPKGv/EGei0rDhDcEFWofU1dfkvP7wAB01OWfi74/DjUN7rBhegPfIYVSaW4a5h0N\nLBxIeWY4cNKKNwpLWXGmbiPQbW7QMKurmh2v7+24IwKCAQAdkrOcjQc/waTk1HZX\n5LSZAAID69xmLCMrZMzPHIIoFbyhTCyYlv5D+RA664khzi+kC08fD854MGzjdx52\nWtJ5syi3sbjpEQUuPgSXz+JWnxFMVusC+81LYuHKq6G16z/xKhjpgmBO/ZayBlL9\n3+GB4yzFe+d38dThQE5MNVF4fgaMC1tje/vITawRBU4jfVAmy+Iyybcn2zJEXZ9q\nr43lrc+/DbyqIIM6heVHCH7K1YRZtbYrOA/mC+nNWj/7OvyQaYulTyHBknbjXTjC\n3Exky0kT1t8wpKT83/7yOA9VTuhs2RDozCAKjjoquPM4ildrGKpigBd/ojuPdhJA\nLPcvAoIBAHlh9WAewLvUTXVXOggZDlDgPz35pbRHMERRvu5XnkO+t4LR5BA4jEVJ\nSI1RYhX0PPcydQCj2BXFEtgnnaSlGYvqWzmiyAYbBZ4bmIMB9E9tizWXONHxah0M\nynJMqFRbGYa7QKrSdesMvKm/0hV43ka0uuFXzZdrt3bfmQa3SsMM94FbrW3aThAt\nkCogevlk9/vVDTBSaSnHbZn8SFZEdvFnvvmoYb+9CracmQ2RtQg9m5og+opSS+5j\nN001uJutv0LPb/bgJizZk+bShMRMYmIbYWdidgPL1YScgXpRPbM/cqd53Wj7EFjn\nNxceK3idFmKAkumzusreujKmNXZCSAUCggEBAIliqwuW+aVeQtdORvfxutSm1/BL\nWozYVQMI1YUC9VpJjmLZOtkSBpXoFoj1LRHI3zmLW6odO0AwwtfjqDwGUa+tx4RB\nvo+lOS9/fVXou8H1AlmwGMOdVXpf/rZ8PqJZk5MeONMv2f3LY4HgqQbCRB3CvLi6\njNmu8tn0Sktf85XQxu8ltBIjxt1pmbn72/MUgHorj7zKBAnIY8Bs/Y0CIf3s+q7F\nO3C635HXWYpfdVeu+NXR7SROCVLP0o8D+iGFabxRqSMdRT60u0XWwMH+cIPZeUvz\nGXkuYajt5dEbemtGlOpEV2YkbW0fRFFR6gxQyf2Lk2LQJNsBFNXjx6ozsUk=\n-----END RSA PRIVATE KEY-----\n",
      "type": "string",
      "sensitive": true
    }
  },
  "resources": [
    {
      "mode": "managed",
      "type": "azurerm_linux_virtual_machine",
      "name": "my_terraform_vm",
      "provider": "provider[\"registry.terraform.io/hashicorp/azurerm\"]",
      "instances": [
        {
          "schema_version": 0,
          "attributes": {
            "additional_capabilities": [],
            "admin_password": null,
            "admin_ssh_key": [
              {
                "public_key": "ssh-rsa AAAAB3NzaC1yc2EAAAADAQABAAACAQCoSS/MMJTrsmhKvplBFsZi4ebLrsDVniV+yTnkPiz5xpSoaKEm1vD1YEvbIrlhdWU6+8u2I6+i9SHSFs74ZX1nldbOeBCGymPHyJzgzXOKJTSrrVowxPDV+rx+LS1FKuOMy5hYDaNlM5KQZElFkGY2Zyq3N/haqgV44P/uNWmXh0jYdzWK6kjTr946GYmUcUPes9FXMP5hQnJCA3Z1UneEvyL5MSrpDF+ofkmpp8RUUSrVPqSkXfQFgX01vxeVEQjSWNrZ9UQBhYy4a5HZqccPtuRooTACfLEjVPIk0KB65497OmPuE1X0G1x4EEleHgVCxMomygrUILkPmcVGMEdbWaiUdAGCK78IMQ6XTopx2PTFUQXf/UVdP8h2nURue6oWPHDoN3jvH9jtrfPNggsuS48RIFQQCKc0oN61J3/GXh0lMyQ4/dYST2L9Km8JbVQAVForRflHa2dGhaonRyEJUco/O9kyGNDahP0F7DQVKoWyslhxkcqSo8N2qYMwFQl0jDHUDSl6KlOtMAOKiJLEBpKxNX9ZPdxtXwTyy9LEY6AlUQZz+KKZtUewbkqSWvdzb/3KR/T7rUwrLAnYP5gFZV3x9ZjUH/WcEvAzT8SYWJCaxEhVYr6NJdkwWjU/QcFdfxhOCXFHOLPjrDRzKSvtwhJxRtWw1VELXqpRdhXAtQ==\n",
                "username": "azureuser"
              }
            ],
            "admin_username": "azureuser",
            "allow_extension_operations": true,
            "availability_set_id": "",
            "boot_diagnostics": [
              {
                "storage_account_uri": "https://diagca84d30564efbae5.blob.core.windows.net/"
              }
            ],
            "computer_name": "myvm",
            "custom_data": null,
            "dedicated_host_group_id": "",
            "dedicated_host_id": "",
            "disable_password_authentication": true,
            "encryption_at_host_enabled": false,
            "eviction_policy": "",
            "extensions_time_budget": "PT1H30M",
            "id": "/subscriptions/dc7d39ff-5b43-4814-ae5a-a6b7f45be962/resourceGroups/rg-smashing-albacore/providers/Microsoft.Compute/virtualMachines/myVM",
            "identity": [],
            "license_type": "",
            "location": "eastus",
            "max_bid_price": -1,
            "name": "myVM",
            "network_interface_ids": [
              "/subscriptions/dc7d39ff-5b43-4814-ae5a-a6b7f45be962/resourceGroups/rg-smashing-albacore/providers/Microsoft.Network/networkInterfaces/myNIC"
            ],
            "os_disk": [
              {
                "caching": "ReadWrite",
                "diff_disk_settings": [],
                "disk_encryption_set_id": "",
                "disk_size_gb": 30,
                "name": "myOsDisk",
                "storage_account_type": "Premium_LRS",
                "write_accelerator_enabled": false
              }
            ],
            "patch_mode": "ImageDefault",
            "plan": [],
            "platform_fault_domain": -1,
            "priority": "Regular",
            "private_ip_address": "10.0.1.4",
            "private_ip_addresses": [
              "10.0.1.4"
            ],
            "provision_vm_agent": true,
            "proximity_placement_group_id": "",
            "public_ip_address": "20.172.181.214",
            "public_ip_addresses": [
              "20.172.181.214"
            ],
            "resource_group_name": "rg-smashing-albacore",
            "secret": [],
            "secure_boot_enabled": false,
            "size": "Standard_DS1_v2",
            "source_image_id": "",
            "source_image_reference": [
              {
                "offer": "UbuntuServer",
                "publisher": "Canonical",
                "sku": "18.04-LTS",
                "version": "latest"
              }
            ],
            "tags": null,
            "timeouts": null,
            "user_data": "",
            "virtual_machine_id": "2d5297c3-ae2d-4e0b-8298-65ca1eb19341",
            "virtual_machine_scale_set_id": "",
            "vtpm_enabled": false,
            "zone": ""
          },
          "sensitive_attributes": [],
          "private": "eyJlMmJmYjczMC1lY2FhLTExZTYtOGY4OC0zNDM2M2JjN2M0YzAiOnsiY3JlYXRlIjoyNzAwMDAwMDAwMDAwLCJkZWxldGUiOjI3MDAwMDAwMDAwMDAsInJlYWQiOjMwMDAwMDAwMDAwMCwidXBkYXRlIjoyNzAwMDAwMDAwMDAwfX0=",
          "dependencies": [
            "azurerm_network_interface.my_terraform_nic",
            "azurerm_public_ip.my_terraform_public_ip",
            "azurerm_resource_group.rg",
            "azurerm_storage_account.my_storage_account",
            "azurerm_subnet.my_terraform_subnet",
            "azurerm_virtual_network.my_terraform_network",
            "random_id.random_id",
            "random_pet.rg_name",
            "tls_private_key.example_ssh"
          ]
        }
      ]
    },
    {
      "mode": "managed",
      "type": "azurerm_network_interface",
      "name": "my_terraform_nic",
      "provider": "provider[\"registry.terraform.io/hashicorp/azurerm\"]",
      "instances": [
        {
          "schema_version": 0,
          "attributes": {
            "applied_dns_servers": [],
            "dns_servers": [],
            "enable_accelerated_networking": false,
            "enable_ip_forwarding": false,
            "id": "/subscriptions/dc7d39ff-5b43-4814-ae5a-a6b7f45be962/resourceGroups/rg-smashing-albacore/providers/Microsoft.Network/networkInterfaces/myNIC",
            "internal_dns_name_label": "",
            "internal_domain_name_suffix": "aore2djj2jrujpoj0lztods0re.bx.internal.cloudapp.net",
            "ip_configuration": [
              {
                "gateway_load_balancer_frontend_ip_configuration_id": "",
                "name": "my_nic_configuration",
                "primary": true,
                "private_ip_address": "10.0.1.4",
                "private_ip_address_allocation": "Dynamic",
                "private_ip_address_version": "IPv4",
                "public_ip_address_id": "/subscriptions/dc7d39ff-5b43-4814-ae5a-a6b7f45be962/resourceGroups/rg-smashing-albacore/providers/Microsoft.Network/publicIPAddresses/myPublicIP",
                "subnet_id": "/subscriptions/dc7d39ff-5b43-4814-ae5a-a6b7f45be962/resourceGroups/rg-smashing-albacore/providers/Microsoft.Network/virtualNetworks/myVnet/subnets/mySubnet"
              }
            ],
            "location": "eastus",
            "mac_address": "",
            "name": "myNIC",
            "private_ip_address": "10.0.1.4",
            "private_ip_addresses": [
              "10.0.1.4"
            ],
            "resource_group_name": "rg-smashing-albacore",
            "tags": null,
            "timeouts": null,
            "virtual_machine_id": ""
          },
          "sensitive_attributes": [],
          "private": "eyJlMmJmYjczMC1lY2FhLTExZTYtOGY4OC0zNDM2M2JjN2M0YzAiOnsiY3JlYXRlIjoxODAwMDAwMDAwMDAwLCJkZWxldGUiOjE4MDAwMDAwMDAwMDAsInJlYWQiOjMwMDAwMDAwMDAwMCwidXBkYXRlIjoxODAwMDAwMDAwMDAwfX0=",
          "dependencies": [
            "azurerm_public_ip.my_terraform_public_ip",
            "azurerm_resource_group.rg",
            "azurerm_subnet.my_terraform_subnet",
            "azurerm_virtual_network.my_terraform_network",
            "random_pet.rg_name"
          ]
        }
      ]
    },
    {
      "mode": "managed",
      "type": "azurerm_network_interface_security_group_association",
      "name": "example",
      "provider": "provider[\"registry.terraform.io/hashicorp/azurerm\"]",
      "instances": [
        {
          "schema_version": 0,
          "attributes": {
            "id": "/subscriptions/dc7d39ff-5b43-4814-ae5a-a6b7f45be962/resourceGroups/rg-smashing-albacore/providers/Microsoft.Network/networkInterfaces/myNIC|/subscriptions/dc7d39ff-5b43-4814-ae5a-a6b7f45be962/resourceGroups/rg-smashing-albacore/providers/Microsoft.Network/networkSecurityGroups/myNetworkSecurityGroup",
            "network_interface_id": "/subscriptions/dc7d39ff-5b43-4814-ae5a-a6b7f45be962/resourceGroups/rg-smashing-albacore/providers/Microsoft.Network/networkInterfaces/myNIC",
            "network_security_group_id": "/subscriptions/dc7d39ff-5b43-4814-ae5a-a6b7f45be962/resourceGroups/rg-smashing-albacore/providers/Microsoft.Network/networkSecurityGroups/myNetworkSecurityGroup",
            "timeouts": null
          },
          "sensitive_attributes": [],
          "private": "eyJlMmJmYjczMC1lY2FhLTExZTYtOGY4OC0zNDM2M2JjN2M0YzAiOnsiY3JlYXRlIjoxODAwMDAwMDAwMDAwLCJkZWxldGUiOjE4MDAwMDAwMDAwMDAsInJlYWQiOjMwMDAwMDAwMDAwMCwidXBkYXRlIjoxODAwMDAwMDAwMDAwfX0=",
          "dependencies": [
            "azurerm_network_interface.my_terraform_nic",
            "azurerm_network_security_group.my_terraform_nsg",
            "azurerm_public_ip.my_terraform_public_ip",
            "azurerm_resource_group.rg",
            "azurerm_subnet.my_terraform_subnet",
            "azurerm_virtual_network.my_terraform_network",
            "random_pet.rg_name"
          ]
        }
      ]
    },
    {
      "mode": "managed",
      "type": "azurerm_network_security_group",
      "name": "my_terraform_nsg",
      "provider": "provider[\"registry.terraform.io/hashicorp/azurerm\"]",
      "instances": [
        {
          "schema_version": 0,
          "attributes": {
            "id": "/subscriptions/dc7d39ff-5b43-4814-ae5a-a6b7f45be962/resourceGroups/rg-smashing-albacore/providers/Microsoft.Network/networkSecurityGroups/myNetworkSecurityGroup",
            "location": "eastus",
            "name": "myNetworkSecurityGroup",
            "resource_group_name": "rg-smashing-albacore",
            "security_rule": [
              {
                "access": "Allow",
                "description": "",
                "destination_address_prefix": "*",
                "destination_address_prefixes": [],
                "destination_application_security_group_ids": [],
                "destination_port_range": "22",
                "destination_port_ranges": [],
                "direction": "Inbound",
                "name": "SSH",
                "priority": 1001,
                "protocol": "Tcp",
                "source_address_prefix": "*",
                "source_address_prefixes": [],
                "source_application_security_group_ids": [],
                "source_port_range": "*",
                "source_port_ranges": []
              }
            ],
            "tags": null,
            "timeouts": null
          },
          "sensitive_attributes": [],
          "private": "eyJlMmJmYjczMC1lY2FhLTExZTYtOGY4OC0zNDM2M2JjN2M0YzAiOnsiY3JlYXRlIjoxODAwMDAwMDAwMDAwLCJkZWxldGUiOjE4MDAwMDAwMDAwMDAsInJlYWQiOjMwMDAwMDAwMDAwMCwidXBkYXRlIjoxODAwMDAwMDAwMDAwfX0=",
          "dependencies": [
            "azurerm_resource_group.rg",
            "random_pet.rg_name"
          ]
        }
      ]
    },
    {
      "mode": "managed",
      "type": "azurerm_public_ip",
      "name": "my_terraform_public_ip",
      "provider": "provider[\"registry.terraform.io/hashicorp/azurerm\"]",
      "instances": [
        {
          "schema_version": 0,
          "attributes": {
            "allocation_method": "Dynamic",
            "availability_zone": "No-Zone",
            "domain_name_label": null,
            "fqdn": null,
            "id": "/subscriptions/dc7d39ff-5b43-4814-ae5a-a6b7f45be962/resourceGroups/rg-smashing-albacore/providers/Microsoft.Network/publicIPAddresses/myPublicIP",
            "idle_timeout_in_minutes": 4,
            "ip_address": "",
            "ip_tags": null,
            "ip_version": "IPv4",
            "location": "eastus",
            "name": "myPublicIP",
            "public_ip_prefix_id": null,
            "resource_group_name": "rg-smashing-albacore",
            "reverse_fqdn": null,
            "sku": "Basic",
            "sku_tier": "Regional",
            "tags": null,
            "timeouts": null,
            "zones": []
          },
          "sensitive_attributes": [],
          "private": "eyJlMmJmYjczMC1lY2FhLTExZTYtOGY4OC0zNDM2M2JjN2M0YzAiOnsiY3JlYXRlIjoxODAwMDAwMDAwMDAwLCJkZWxldGUiOjE4MDAwMDAwMDAwMDAsInJlYWQiOjMwMDAwMDAwMDAwMCwidXBkYXRlIjoxODAwMDAwMDAwMDAwfX0=",
          "dependencies": [
            "azurerm_resource_group.rg",
            "random_pet.rg_name"
          ]
        }
      ]
    },
    {
      "mode": "managed",
      "type": "azurerm_resource_group",
      "name": "rg",
      "provider": "provider[\"registry.terraform.io/hashicorp/azurerm\"]",
      "instances": [
        {
          "schema_version": 0,
          "attributes": {
            "id": "/subscriptions/dc7d39ff-5b43-4814-ae5a-a6b7f45be962/resourceGroups/rg-smashing-albacore",
            "location": "eastus",
            "name": "rg-smashing-albacore",
            "tags": null,
            "timeouts": null
          },
          "sensitive_attributes": [],
          "private": "eyJlMmJmYjczMC1lY2FhLTExZTYtOGY4OC0zNDM2M2JjN2M0YzAiOnsiY3JlYXRlIjo1NDAwMDAwMDAwMDAwLCJkZWxldGUiOjU0MDAwMDAwMDAwMDAsInJlYWQiOjMwMDAwMDAwMDAwMCwidXBkYXRlIjo1NDAwMDAwMDAwMDAwfX0=",
          "dependencies": [
            "random_pet.rg_name"
          ]
        }
      ]
    },
    {
      "mode": "managed",
      "type": "azurerm_storage_account",
      "name": "my_storage_account",
      "provider": "provider[\"registry.terraform.io/hashicorp/azurerm\"]",
      "instances": [
        {
          "schema_version": 2,
          "attributes": {
            "access_tier": "Hot",
            "account_kind": "StorageV2",
            "account_replication_type": "LRS",
            "account_tier": "Standard",
            "allow_blob_public_access": false,
            "azure_files_authentication": [],
            "blob_properties": [
              {
                "change_feed_enabled": false,
                "container_delete_retention_policy": [],
                "cors_rule": [],
                "default_service_version": "",
                "delete_retention_policy": [],
                "last_access_time_enabled": false,
                "versioning_enabled": false
              }
            ],
            "custom_domain": [],
            "customer_managed_key": [],
            "enable_https_traffic_only": true,
            "id": "/subscriptions/dc7d39ff-5b43-4814-ae5a-a6b7f45be962/resourceGroups/rg-smashing-albacore/providers/Microsoft.Storage/storageAccounts/diagca84d30564efbae5",
            "identity": [],
            "infrastructure_encryption_enabled": false,
            "is_hns_enabled": false,
            "large_file_share_enabled": null,
            "location": "eastus",
            "min_tls_version": "TLS1_0",
            "name": "diagca84d30564efbae5",
            "network_rules": [
              {
                "bypass": [
                  "AzureServices"
                ],
                "default_action": "Allow",
                "ip_rules": [],
                "private_link_access": [],
                "virtual_network_subnet_ids": []
              }
            ],
            "nfsv3_enabled": false,
            "primary_access_key": "4qdCfD6Piq6LtwmWIt2FGqq3uOOKYTqq50qYgd0/BgtY56BvNWgh+ljW9gR2H7A+fTb//cK2WkQQ+AStV8PlSA==",
            "primary_blob_connection_string": "DefaultEndpointsProtocol=https;BlobEndpoint=https://diagca84d30564efbae5.blob.core.windows.net/;AccountName=diagca84d30564efbae5;AccountKey=4qdCfD6Piq6LtwmWIt2FGqq3uOOKYTqq50qYgd0/BgtY56BvNWgh+ljW9gR2H7A+fTb//cK2WkQQ+AStV8PlSA==",
            "primary_blob_endpoint": "https://diagca84d30564efbae5.blob.core.windows.net/",
            "primary_blob_host": "diagca84d30564efbae5.blob.core.windows.net",
            "primary_connection_string": "DefaultEndpointsProtocol=https;AccountName=diagca84d30564efbae5;AccountKey=4qdCfD6Piq6LtwmWIt2FGqq3uOOKYTqq50qYgd0/BgtY56BvNWgh+ljW9gR2H7A+fTb//cK2WkQQ+AStV8PlSA==;EndpointSuffix=core.windows.net",
            "primary_dfs_endpoint": "https://diagca84d30564efbae5.dfs.core.windows.net/",
            "primary_dfs_host": "diagca84d30564efbae5.dfs.core.windows.net",
            "primary_file_endpoint": "https://diagca84d30564efbae5.file.core.windows.net/",
            "primary_file_host": "diagca84d30564efbae5.file.core.windows.net",
            "primary_location": "eastus",
            "primary_queue_endpoint": "https://diagca84d30564efbae5.queue.core.windows.net/",
            "primary_queue_host": "diagca84d30564efbae5.queue.core.windows.net",
            "primary_table_endpoint": "https://diagca84d30564efbae5.table.core.windows.net/",
            "primary_table_host": "diagca84d30564efbae5.table.core.windows.net",
            "primary_web_endpoint": "https://diagca84d30564efbae5.z13.web.core.windows.net/",
            "primary_web_host": "diagca84d30564efbae5.z13.web.core.windows.net",
            "queue_encryption_key_type": "Service",
            "queue_properties": [
              {
                "cors_rule": [],
                "hour_metrics": [
                  {
                    "enabled": true,
                    "include_apis": true,
                    "retention_policy_days": 7,
                    "version": "1.0"
                  }
                ],
                "logging": [
                  {
                    "delete": false,
                    "read": false,
                    "retention_policy_days": 0,
                    "version": "1.0",
                    "write": false
                  }
                ],
                "minute_metrics": [
                  {
                    "enabled": false,
                    "include_apis": false,
                    "retention_policy_days": 0,
                    "version": "1.0"
                  }
                ]
              }
            ],
            "resource_group_name": "rg-smashing-albacore",
            "routing": [],
            "secondary_access_key": "SzGqtQBFvSvLW2cpHWSh3azGcscTlRE1SqkxelWxCG/8jBuhndaMY02i0P9aZSfOsyGayHkEJAwc+AStdmSODw==",
            "secondary_blob_connection_string": "",
            "secondary_blob_endpoint": null,
            "secondary_blob_host": null,
            "secondary_connection_string": "DefaultEndpointsProtocol=https;AccountName=diagca84d30564efbae5;AccountKey=SzGqtQBFvSvLW2cpHWSh3azGcscTlRE1SqkxelWxCG/8jBuhndaMY02i0P9aZSfOsyGayHkEJAwc+AStdmSODw==;EndpointSuffix=core.windows.net",
            "secondary_dfs_endpoint": null,
            "secondary_dfs_host": null,
            "secondary_file_endpoint": null,
            "secondary_file_host": null,
            "secondary_location": "",
            "secondary_queue_endpoint": null,
            "secondary_queue_host": null,
            "secondary_table_endpoint": null,
            "secondary_table_host": null,
            "secondary_web_endpoint": null,
            "secondary_web_host": null,
            "share_properties": [
              {
                "cors_rule": [],
                "retention_policy": [
                  {
                    "days": 7
                  }
                ],
                "smb": []
              }
            ],
            "shared_access_key_enabled": true,
            "static_website": [],
            "table_encryption_key_type": "Service",
            "tags": null,
            "timeouts": null
          },
          "sensitive_attributes": [],
          "private": "eyJlMmJmYjczMC1lY2FhLTExZTYtOGY4OC0zNDM2M2JjN2M0YzAiOnsiY3JlYXRlIjozNjAwMDAwMDAwMDAwLCJkZWxldGUiOjM2MDAwMDAwMDAwMDAsInJlYWQiOjMwMDAwMDAwMDAwMCwidXBkYXRlIjozNjAwMDAwMDAwMDAwfSwic2NoZW1hX3ZlcnNpb24iOiIyIn0=",
          "dependencies": [
            "azurerm_resource_group.rg",
            "random_id.random_id",
            "random_pet.rg_name"
          ]
        }
      ]
    },
    {
      "mode": "managed",
      "type": "azurerm_subnet",
      "name": "my_terraform_subnet",
      "provider": "provider[\"registry.terraform.io/hashicorp/azurerm\"]",
      "instances": [
        {
          "schema_version": 0,
          "attributes": {
            "address_prefix": "10.0.1.0/24",
            "address_prefixes": [
              "10.0.1.0/24"
            ],
            "delegation": [],
            "enforce_private_link_endpoint_network_policies": false,
            "enforce_private_link_service_network_policies": false,
            "id": "/subscriptions/dc7d39ff-5b43-4814-ae5a-a6b7f45be962/resourceGroups/rg-smashing-albacore/providers/Microsoft.Network/virtualNetworks/myVnet/subnets/mySubnet",
            "name": "mySubnet",
            "resource_group_name": "rg-smashing-albacore",
            "service_endpoint_policy_ids": null,
            "service_endpoints": null,
            "timeouts": null,
            "virtual_network_name": "myVnet"
          },
          "sensitive_attributes": [],
          "private": "eyJlMmJmYjczMC1lY2FhLTExZTYtOGY4OC0zNDM2M2JjN2M0YzAiOnsiY3JlYXRlIjoxODAwMDAwMDAwMDAwLCJkZWxldGUiOjE4MDAwMDAwMDAwMDAsInJlYWQiOjMwMDAwMDAwMDAwMCwidXBkYXRlIjoxODAwMDAwMDAwMDAwfX0=",
          "dependencies": [
            "azurerm_resource_group.rg",
            "azurerm_virtual_network.my_terraform_network",
            "random_pet.rg_name"
          ]
        }
      ]
    },
    {
      "mode": "managed",
      "type": "azurerm_virtual_network",
      "name": "my_terraform_network",
      "provider": "provider[\"registry.terraform.io/hashicorp/azurerm\"]",
      "instances": [
        {
          "schema_version": 0,
          "attributes": {
            "address_space": [
              "10.0.0.0/16"
            ],
            "bgp_community": "",
            "ddos_protection_plan": [],
            "dns_servers": [],
            "flow_timeout_in_minutes": 0,
            "guid": "0d4ea203-e229-4463-bdc9-d2f3370e5a8c",
            "id": "/subscriptions/dc7d39ff-5b43-4814-ae5a-a6b7f45be962/resourceGroups/rg-smashing-albacore/providers/Microsoft.Network/virtualNetworks/myVnet",
            "location": "eastus",
            "name": "myVnet",
            "resource_group_name": "rg-smashing-albacore",
            "subnet": [],
            "tags": null,
            "timeouts": null,
            "vm_protection_enabled": false
          },
          "sensitive_attributes": [],
          "private": "eyJlMmJmYjczMC1lY2FhLTExZTYtOGY4OC0zNDM2M2JjN2M0YzAiOnsiY3JlYXRlIjoxODAwMDAwMDAwMDAwLCJkZWxldGUiOjE4MDAwMDAwMDAwMDAsInJlYWQiOjMwMDAwMDAwMDAwMCwidXBkYXRlIjoxODAwMDAwMDAwMDAwfX0=",
          "dependencies": [
            "azurerm_resource_group.rg",
            "random_pet.rg_name"
          ]
        }
      ]
    },
    {
      "mode": "managed",
      "type": "random_id",
      "name": "random_id",
      "provider": "provider[\"registry.terraform.io/hashicorp/random\"]",
      "instances": [
        {
          "schema_version": 0,
          "attributes": {
            "b64_std": "yoTTBWTvuuU=",
            "b64_url": "yoTTBWTvuuU",
            "byte_length": 8,
            "dec": "14593020712708979429",
            "hex": "ca84d30564efbae5",
            "id": "yoTTBWTvuuU",
            "keepers": {
              "resource_group": "rg-smashing-albacore"
            },
            "prefix": null
          },
          "sensitive_attributes": [],
          "dependencies": [
            "azurerm_resource_group.rg",
            "random_pet.rg_name"
          ]
        }
      ]
    },
    {
      "mode": "managed",
      "type": "random_pet",
      "name": "rg_name",
      "provider": "provider[\"registry.terraform.io/hashicorp/random\"]",
      "instances": [
        {
          "schema_version": 0,
          "attributes": {
            "id": "rg-smashing-albacore",
            "keepers": null,
            "length": 2,
            "prefix": "rg",
            "separator": "-"
          },
          "sensitive_attributes": []
        }
      ]
    },
    {
      "mode": "managed",
      "type": "tls_private_key",
      "name": "example_ssh",
      "provider": "provider[\"registry.terraform.io/hashicorp/tls\"]",
      "instances": [
        {
          "schema_version": 1,
          "attributes": {
            "algorithm": "RSA",
            "ecdsa_curve": "P224",
            "id": "42f43c146f25d069bc3db488d7ba4274508c2dc6",
            "private_key_openssh": "-----BEGIN OPENSSH PRIVATE KEY-----\nb3BlbnNzaC1rZXktdjEAAAAABG5vbmUAAAAEbm9uZQAAAAAAAAABAAACFwAAAAdz\nc2gtcnNhAAAAAwEAAQAAAgEAqEkvzDCU67JoSr6ZQRbGYuHmy67A1Z4lfsk55D4s\n+caUqGihJtbw9WBL2yK5YXVlOvvLtiOvovUh0hbO+GV9Z5XWzngQhspjx8ic4M1z\niiU0q61aMMTw1fq8fi0tRSrjjMuYWA2jZTOSkGRJRZBmNmcqtzf4WqoFeOD/7jVp\nl4dI2Hc1iupI06/eOhmJlHFD3rPRVzD+YUJyQgN2dVJ3hL8i+TEq6QxfqH5JqafE\nVFEq1T6kpF30BYF9Nb8XlREI0lja2fVEAYWMuGuR2anHD7bkaKEwAnyxI1TyJNCg\neuePezpj7hNV9BtceBBJXh4FQsTKJsoK1CC5D5nFRjBHW1molHQBgiu/CDEOl06K\ncdj0xVEF3/1FXT/Idp1EbnuqFjxw6Dd47x/Y7a3zzYILLkuPESBUEAinNKDetSd/\nxl4dJTMkOP3WEk9i/SpvCW1UAFRaK0X5R2tnRoWqJ0chCVHKPzvZMhjQ2oT9Bew0\nFSqFsrJYcZHKkqPDdqmDMBUJdIwx1A0peipTrTADioiSxAaSsTV/WT3cbV8E8svS\nxGOgJVEGc/iimbVHsG5Kklr3c2/9ykf0+61MKywJ2D+YBWVd8fWY1B/1nBLwM0/E\nmFiQmsRIVWK+jSXZMFo1P0HBXX8YTglxRziz46w0cykr7cIScUbVsNVRC16qUXYV\nwLUAAAc4jfw3aY38N2kAAAAHc3NoLXJzYQAAAgEAqEkvzDCU67JoSr6ZQRbGYuHm\ny67A1Z4lfsk55D4s+caUqGihJtbw9WBL2yK5YXVlOvvLtiOvovUh0hbO+GV9Z5XW\nzngQhspjx8ic4M1ziiU0q61aMMTw1fq8fi0tRSrjjMuYWA2jZTOSkGRJRZBmNmcq\ntzf4WqoFeOD/7jVpl4dI2Hc1iupI06/eOhmJlHFD3rPRVzD+YUJyQgN2dVJ3hL8i\n+TEq6QxfqH5JqafEVFEq1T6kpF30BYF9Nb8XlREI0lja2fVEAYWMuGuR2anHD7bk\naKEwAnyxI1TyJNCgeuePezpj7hNV9BtceBBJXh4FQsTKJsoK1CC5D5nFRjBHW1mo\nlHQBgiu/CDEOl06Kcdj0xVEF3/1FXT/Idp1EbnuqFjxw6Dd47x/Y7a3zzYILLkuP\nESBUEAinNKDetSd/xl4dJTMkOP3WEk9i/SpvCW1UAFRaK0X5R2tnRoWqJ0chCVHK\nPzvZMhjQ2oT9Bew0FSqFsrJYcZHKkqPDdqmDMBUJdIwx1A0peipTrTADioiSxAaS\nsTV/WT3cbV8E8svSxGOgJVEGc/iimbVHsG5Kklr3c2/9ykf0+61MKywJ2D+YBWVd\n8fWY1B/1nBLwM0/EmFiQmsRIVWK+jSXZMFo1P0HBXX8YTglxRziz46w0cykr7cIS\ncUbVsNVRC16qUXYVwLUAAAADAQABAAACACtfaYVMBCXXPo/9HcyrzQfRR0W5zZOB\nBhLuVBBigf8CUnAxP0+eWE41undJNNRMiIGyQee4vNzYJxZZsJBOwAqBkPJ3+XJ0\nGVF1gBFkgmHZgwC4ViV5rMTJseknRaKtEibIloQjR7iemSjD4Cqgs+dToavFLipX\n5b8o5m2DsKpQQNMhrlgWWBzPGAyLZm0u4Bo26D57ryRsFryy3cYRMiKxjJcDOBcG\njGUF34Btb+l3Xf3F/nMqj+kXXakLjk1qLYbhRc6lKxjlTcZ+WwHpgxemwKnC2Xfa\noWEE1L/uUV477jwJaZYDv8SBhMyhDffG7v4tcBidPDs+D9RYgoK7kLgsdy+hIng0\nECitry8LNQTzuXr+ymIKQpdlHLzo0gsa2Vv/Z89r1+5X4FLX9AP2noMU6ExgfuwA\nzRnKs3ijtryCYLBHIDvoosImAVbtyd5dOJ1jrifmpTlqRzVFa1pk4bB5YHASe/SG\nVPgz45A68tg+739EUys+Ov+v4YB7/3cVdRJQXsqdf4fTI75z/liPOoJQ3PoiaWyC\nzIHOpLznVpAoRvDDqX3sjk9VdQLiLZKhoxzj/p3YlSbFhdN6gqDe/qm1dwB0MGzh\nwo0Jma04hSy/MaLtFJnyw+Df+NIA9lS4mZcy0valbqebZV55U1Uxbvo3nxKmyqUW\n2EUFrEVLxYeFAAABAQCJYqsLlvmlXkLXTkb38brUptfwS1qM2FUDCNWFAvVaSY5i\n2TrZEgaV6BaI9S0RyN85i1uqHTtAMMLX46g8BlGvrceEQb6PpTkvf31V6LvB9QJZ\nsBjDnVV6X/62fD6iWZOTHjjTL9n9y2OB4KkGwkQdwry4uozZrvLZ9EpLX/OV0Mbv\nJbQSI8bdaZm5+9vzFIB6K4+8ygQJyGPAbP2NAiH97PquxTtwut+R11mKX3VXrvjV\n0e0kTglSz9KPA/ohhWm8UakjHUU+tLtF1sDB/nCD2XlL8xl5LmGo7eXRG3prRpTq\nRFdmJG1tH0RRUeoMUMn9i5Ni0CTbARTV48eqM7FJAAABAQDEtFhsTzAPnMQSbjGi\nfgZvlQhj7F2xFLDE1p21Qhrhd+zaKku7MG0zgTaju2i3T5F6lNrUWTW0XSWyawsv\nPheoOTkavzDXLjpwsFXJtcysPqqU/GxyL43dwqlJYkyv3uU5L/BL8+M/XgU9AY8x\nDPLs0Svz26ZpDYGMTqldFVKkw6vEtOxnzrgdjaMbSmqZOioKp0wrpby/ZF8VHtW8\nQ6wO9UEowJIebfBVdTMG08zZofnmb3WXqZz1ricpY/y2eGUbJ2qFq9ihMplJ+TIs\nWks4WLLw2elHeNUXYiEN+nruGs5yNA+90y1N3/UCIjDVMkYi+U8lMUmm0rFK8sSI\npQVHAAABAQDbA8h50dryAoSoAKwUtwNaugqsHsFpoPCBP2KTLoHn0WSWN+W9W5YJ\nw/ahW6m6GXprxmeSc2VnqDasacMM1S1h9BGQUPrcdPfDAB38mypeX2SgUYVX9ilK\ndlHHhkjFe59QOgP2J52I9nRznrUPV+M9qeI+Wh+KrEZxTFRzwn6vNo5UvX/9WRni\nSF87OPErg66HqyX/r+NUbQsahzLHNllh+Rh3eW8e54EMN2x09gYwFiE8oa/8QZ6L\nSsOENwQVah9TV1+S8/vAAHTU5Z+Lvj8ONQ3usGF6A98hhVJpbhrmHQ0sHEh5Zjhw\n0oo3CktZcaZuI9BtbtAwq6uaHa/v7bgjAAAAAAEC\n-----END OPENSSH PRIVATE KEY-----\n",
            "private_key_pem": "-----BEGIN RSA PRIVATE KEY-----\nMIIJKAIBAAKCAgEAqEkvzDCU67JoSr6ZQRbGYuHmy67A1Z4lfsk55D4s+caUqGih\nJtbw9WBL2yK5YXVlOvvLtiOvovUh0hbO+GV9Z5XWzngQhspjx8ic4M1ziiU0q61a\nMMTw1fq8fi0tRSrjjMuYWA2jZTOSkGRJRZBmNmcqtzf4WqoFeOD/7jVpl4dI2Hc1\niupI06/eOhmJlHFD3rPRVzD+YUJyQgN2dVJ3hL8i+TEq6QxfqH5JqafEVFEq1T6k\npF30BYF9Nb8XlREI0lja2fVEAYWMuGuR2anHD7bkaKEwAnyxI1TyJNCgeuePezpj\n7hNV9BtceBBJXh4FQsTKJsoK1CC5D5nFRjBHW1molHQBgiu/CDEOl06Kcdj0xVEF\n3/1FXT/Idp1EbnuqFjxw6Dd47x/Y7a3zzYILLkuPESBUEAinNKDetSd/xl4dJTMk\nOP3WEk9i/SpvCW1UAFRaK0X5R2tnRoWqJ0chCVHKPzvZMhjQ2oT9Bew0FSqFsrJY\ncZHKkqPDdqmDMBUJdIwx1A0peipTrTADioiSxAaSsTV/WT3cbV8E8svSxGOgJVEG\nc/iimbVHsG5Kklr3c2/9ykf0+61MKywJ2D+YBWVd8fWY1B/1nBLwM0/EmFiQmsRI\nVWK+jSXZMFo1P0HBXX8YTglxRziz46w0cykr7cIScUbVsNVRC16qUXYVwLUCAwEA\nAQKCAgArX2mFTAQl1z6P/R3Mq80H0UdFuc2TgQYS7lQQYoH/AlJwMT9PnlhONbp3\nSTTUTIiBskHnuLzc2CcWWbCQTsAKgZDyd/lydBlRdYARZIJh2YMAuFYleazEybHp\nJ0WirRImyJaEI0e4npkow+AqoLPnU6GrxS4qV+W/KOZtg7CqUEDTIa5YFlgczxgM\ni2ZtLuAaNug+e68kbBa8st3GETIisYyXAzgXBoxlBd+AbW/pd139xf5zKo/pF12p\nC45Nai2G4UXOpSsY5U3GflsB6YMXpsCpwtl32qFhBNS/7lFeO+48CWmWA7/EgYTM\noQ33xu7+LXAYnTw7Pg/UWIKCu5C4LHcvoSJ4NBAora8vCzUE87l6/spiCkKXZRy8\n6NILGtlb/2fPa9fuV+BS1/QD9p6DFOhMYH7sAM0ZyrN4o7a8gmCwRyA76KLCJgFW\n7cneXTidY64n5qU5akc1RWtaZOGweWBwEnv0hlT4M+OQOvLYPu9/RFMrPjr/r+GA\ne/93FXUSUF7KnX+H0yO+c/5YjzqCUNz6ImlsgsyBzqS851aQKEbww6l97I5PVXUC\n4i2SoaMc4/6d2JUmxYXTeoKg3v6ptXcAdDBs4cKNCZmtOIUsvzGi7RSZ8sPg3/jS\nAPZUuJmXMtL2pW6nm2VeeVNVMW76N58SpsqlFthFBaxFS8WHhQKCAQEAxLRYbE8w\nD5zEEm4xon4Gb5UIY+xdsRSwxNadtUIa4Xfs2ipLuzBtM4E2o7tot0+RepTa1Fk1\ntF0lsmsLLz4XqDk5Gr8w1y46cLBVybXMrD6qlPxsci+N3cKpSWJMr97lOS/wS/Pj\nP14FPQGPMQzy7NEr89umaQ2BjE6pXRVSpMOrxLTsZ864HY2jG0pqmToqCqdMK6W8\nv2RfFR7VvEOsDvVBKMCSHm3wVXUzBtPM2aH55m91l6mc9a4nKWP8tnhlGydqhavY\noTKZSfkyLFpLOFiy8NnpR3jVF2IhDfp67hrOcjQPvdMtTd/1AiIw1TJGIvlPJTFJ\nptKxSvLEiKUFRwKCAQEA2wPIedHa8gKEqACsFLcDWroKrB7BaaDwgT9iky6B59Fk\nljflvVuWCcP2oVupuhl6a8ZnknNlZ6g2rGnDDNUtYfQRkFD63HT3wwAd/JsqXl9k\noFGFV/YpSnZRx4ZIxXufUDoD9iediPZ0c561D1fjPaniPlofiqxGcUxUc8J+rzaO\nVL1//VkZ4khfOzjxK4Ouh6sl/6/jVG0LGocyxzZZYfkYd3lvHueBDDdsdPYGMBYh\nPKGv/EGei0rDhDcEFWofU1dfkvP7wAB01OWfi74/DjUN7rBhegPfIYVSaW4a5h0N\nLBxIeWY4cNKKNwpLWXGmbiPQbW7QMKurmh2v7+24IwKCAQAdkrOcjQc/waTk1HZX\n5LSZAAID69xmLCMrZMzPHIIoFbyhTCyYlv5D+RA664khzi+kC08fD854MGzjdx52\nWtJ5syi3sbjpEQUuPgSXz+JWnxFMVusC+81LYuHKq6G16z/xKhjpgmBO/ZayBlL9\n3+GB4yzFe+d38dThQE5MNVF4fgaMC1tje/vITawRBU4jfVAmy+Iyybcn2zJEXZ9q\nr43lrc+/DbyqIIM6heVHCH7K1YRZtbYrOA/mC+nNWj/7OvyQaYulTyHBknbjXTjC\n3Exky0kT1t8wpKT83/7yOA9VTuhs2RDozCAKjjoquPM4ildrGKpigBd/ojuPdhJA\nLPcvAoIBAHlh9WAewLvUTXVXOggZDlDgPz35pbRHMERRvu5XnkO+t4LR5BA4jEVJ\nSI1RYhX0PPcydQCj2BXFEtgnnaSlGYvqWzmiyAYbBZ4bmIMB9E9tizWXONHxah0M\nynJMqFRbGYa7QKrSdesMvKm/0hV43ka0uuFXzZdrt3bfmQa3SsMM94FbrW3aThAt\nkCogevlk9/vVDTBSaSnHbZn8SFZEdvFnvvmoYb+9CracmQ2RtQg9m5og+opSS+5j\nN001uJutv0LPb/bgJizZk+bShMRMYmIbYWdidgPL1YScgXpRPbM/cqd53Wj7EFjn\nNxceK3idFmKAkumzusreujKmNXZCSAUCggEBAIliqwuW+aVeQtdORvfxutSm1/BL\nWozYVQMI1YUC9VpJjmLZOtkSBpXoFoj1LRHI3zmLW6odO0AwwtfjqDwGUa+tx4RB\nvo+lOS9/fVXou8H1AlmwGMOdVXpf/rZ8PqJZk5MeONMv2f3LY4HgqQbCRB3CvLi6\njNmu8tn0Sktf85XQxu8ltBIjxt1pmbn72/MUgHorj7zKBAnIY8Bs/Y0CIf3s+q7F\nO3C635HXWYpfdVeu+NXR7SROCVLP0o8D+iGFabxRqSMdRT60u0XWwMH+cIPZeUvz\nGXkuYajt5dEbemtGlOpEV2YkbW0fRFFR6gxQyf2Lk2LQJNsBFNXjx6ozsUk=\n-----END RSA PRIVATE KEY-----\n",
            "private_key_pem_pkcs8": "-----BEGIN PRIVATE KEY-----\nMIIJQgIBADANBgkqhkiG9w0BAQEFAASCCSwwggkoAgEAAoICAQCoSS/MMJTrsmhK\nvplBFsZi4ebLrsDVniV+yTnkPiz5xpSoaKEm1vD1YEvbIrlhdWU6+8u2I6+i9SHS\nFs74ZX1nldbOeBCGymPHyJzgzXOKJTSrrVowxPDV+rx+LS1FKuOMy5hYDaNlM5KQ\nZElFkGY2Zyq3N/haqgV44P/uNWmXh0jYdzWK6kjTr946GYmUcUPes9FXMP5hQnJC\nA3Z1UneEvyL5MSrpDF+ofkmpp8RUUSrVPqSkXfQFgX01vxeVEQjSWNrZ9UQBhYy4\na5HZqccPtuRooTACfLEjVPIk0KB65497OmPuE1X0G1x4EEleHgVCxMomygrUILkP\nmcVGMEdbWaiUdAGCK78IMQ6XTopx2PTFUQXf/UVdP8h2nURue6oWPHDoN3jvH9jt\nrfPNggsuS48RIFQQCKc0oN61J3/GXh0lMyQ4/dYST2L9Km8JbVQAVForRflHa2dG\nhaonRyEJUco/O9kyGNDahP0F7DQVKoWyslhxkcqSo8N2qYMwFQl0jDHUDSl6KlOt\nMAOKiJLEBpKxNX9ZPdxtXwTyy9LEY6AlUQZz+KKZtUewbkqSWvdzb/3KR/T7rUwr\nLAnYP5gFZV3x9ZjUH/WcEvAzT8SYWJCaxEhVYr6NJdkwWjU/QcFdfxhOCXFHOLPj\nrDRzKSvtwhJxRtWw1VELXqpRdhXAtQIDAQABAoICACtfaYVMBCXXPo/9HcyrzQfR\nR0W5zZOBBhLuVBBigf8CUnAxP0+eWE41undJNNRMiIGyQee4vNzYJxZZsJBOwAqB\nkPJ3+XJ0GVF1gBFkgmHZgwC4ViV5rMTJseknRaKtEibIloQjR7iemSjD4Cqgs+dT\noavFLipX5b8o5m2DsKpQQNMhrlgWWBzPGAyLZm0u4Bo26D57ryRsFryy3cYRMiKx\njJcDOBcGjGUF34Btb+l3Xf3F/nMqj+kXXakLjk1qLYbhRc6lKxjlTcZ+WwHpgxem\nwKnC2XfaoWEE1L/uUV477jwJaZYDv8SBhMyhDffG7v4tcBidPDs+D9RYgoK7kLgs\ndy+hIng0ECitry8LNQTzuXr+ymIKQpdlHLzo0gsa2Vv/Z89r1+5X4FLX9AP2noMU\n6ExgfuwAzRnKs3ijtryCYLBHIDvoosImAVbtyd5dOJ1jrifmpTlqRzVFa1pk4bB5\nYHASe/SGVPgz45A68tg+739EUys+Ov+v4YB7/3cVdRJQXsqdf4fTI75z/liPOoJQ\n3PoiaWyCzIHOpLznVpAoRvDDqX3sjk9VdQLiLZKhoxzj/p3YlSbFhdN6gqDe/qm1\ndwB0MGzhwo0Jma04hSy/MaLtFJnyw+Df+NIA9lS4mZcy0valbqebZV55U1Uxbvo3\nnxKmyqUW2EUFrEVLxYeFAoIBAQDEtFhsTzAPnMQSbjGifgZvlQhj7F2xFLDE1p21\nQhrhd+zaKku7MG0zgTaju2i3T5F6lNrUWTW0XSWyawsvPheoOTkavzDXLjpwsFXJ\ntcysPqqU/GxyL43dwqlJYkyv3uU5L/BL8+M/XgU9AY8xDPLs0Svz26ZpDYGMTqld\nFVKkw6vEtOxnzrgdjaMbSmqZOioKp0wrpby/ZF8VHtW8Q6wO9UEowJIebfBVdTMG\n08zZofnmb3WXqZz1ricpY/y2eGUbJ2qFq9ihMplJ+TIsWks4WLLw2elHeNUXYiEN\n+nruGs5yNA+90y1N3/UCIjDVMkYi+U8lMUmm0rFK8sSIpQVHAoIBAQDbA8h50dry\nAoSoAKwUtwNaugqsHsFpoPCBP2KTLoHn0WSWN+W9W5YJw/ahW6m6GXprxmeSc2Vn\nqDasacMM1S1h9BGQUPrcdPfDAB38mypeX2SgUYVX9ilKdlHHhkjFe59QOgP2J52I\n9nRznrUPV+M9qeI+Wh+KrEZxTFRzwn6vNo5UvX/9WRniSF87OPErg66HqyX/r+NU\nbQsahzLHNllh+Rh3eW8e54EMN2x09gYwFiE8oa/8QZ6LSsOENwQVah9TV1+S8/vA\nAHTU5Z+Lvj8ONQ3usGF6A98hhVJpbhrmHQ0sHEh5Zjhw0oo3CktZcaZuI9BtbtAw\nq6uaHa/v7bgjAoIBAB2Ss5yNBz/BpOTUdlfktJkAAgPr3GYsIytkzM8cgigVvKFM\nLJiW/kP5EDrriSHOL6QLTx8PzngwbON3HnZa0nmzKLexuOkRBS4+BJfP4lafEUxW\n6wL7zUti4cqrobXrP/EqGOmCYE79lrIGUv3f4YHjLMV753fx1OFATkw1UXh+BowL\nW2N7+8hNrBEFTiN9UCbL4jLJtyfbMkRdn2qvjeWtz78NvKoggzqF5UcIfsrVhFm1\ntis4D+YL6c1aP/s6/JBpi6VPIcGSduNdOMLcTGTLSRPW3zCkpPzf/vI4D1VO6GzZ\nEOjMIAqOOiq48ziKV2sYqmKAF3+iO492EkAs9y8CggEAeWH1YB7Au9RNdVc6CBkO\nUOA/PfmltEcwRFG+7leeQ763gtHkEDiMRUlIjVFiFfQ89zJ1AKPYFcUS2CedpKUZ\ni+pbOaLIBhsFnhuYgwH0T22LNZc40fFqHQzKckyoVFsZhrtAqtJ16wy8qb/SFXje\nRrS64VfNl2u3dt+ZBrdKwwz3gVutbdpOEC2QKiB6+WT3+9UNMFJpKcdtmfxIVkR2\n8We++ahhv70KtpyZDZG1CD2bmiD6ilJL7mM3TTW4m62/Qs9v9uAmLNmT5tKExExi\nYhthZ2J2A8vVhJyBelE9sz9yp3ndaPsQWOc3Fx4reJ0WYoCS6bO6yt66MqY1dkJI\nBQKCAQEAiWKrC5b5pV5C105G9/G61KbX8EtajNhVAwjVhQL1WkmOYtk62RIGlegW\niPUtEcjfOYtbqh07QDDC1+OoPAZRr63HhEG+j6U5L399Vei7wfUCWbAYw51Vel/+\ntnw+olmTkx440y/Z/ctjgeCpBsJEHcK8uLqM2a7y2fRKS1/zldDG7yW0EiPG3WmZ\nufvb8xSAeiuPvMoECchjwGz9jQIh/ez6rsU7cLrfkddZil91V6741dHtJE4JUs/S\njwP6IYVpvFGpIx1FPrS7RdbAwf5wg9l5S/MZeS5hqO3l0Rt6a0aU6kRXZiRtbR9E\nUVHqDFDJ/YuTYtAk2wEU1ePHqjOxSQ==\n-----END PRIVATE KEY-----\n",
            "public_key_fingerprint_md5": "b5:45:0a:ab:8f:9f:1d:bd:5a:73:98:35:7b:57:2b:d5",
            "public_key_fingerprint_sha256": "SHA256:Bf5zqH5MYgTDhJlYsNOzlvDZbMD1iB4tTb+ZPvNUp6Q",
            "public_key_openssh": "ssh-rsa AAAAB3NzaC1yc2EAAAADAQABAAACAQCoSS/MMJTrsmhKvplBFsZi4ebLrsDVniV+yTnkPiz5xpSoaKEm1vD1YEvbIrlhdWU6+8u2I6+i9SHSFs74ZX1nldbOeBCGymPHyJzgzXOKJTSrrVowxPDV+rx+LS1FKuOMy5hYDaNlM5KQZElFkGY2Zyq3N/haqgV44P/uNWmXh0jYdzWK6kjTr946GYmUcUPes9FXMP5hQnJCA3Z1UneEvyL5MSrpDF+ofkmpp8RUUSrVPqSkXfQFgX01vxeVEQjSWNrZ9UQBhYy4a5HZqccPtuRooTACfLEjVPIk0KB65497OmPuE1X0G1x4EEleHgVCxMomygrUILkPmcVGMEdbWaiUdAGCK78IMQ6XTopx2PTFUQXf/UVdP8h2nURue6oWPHDoN3jvH9jtrfPNggsuS48RIFQQCKc0oN61J3/GXh0lMyQ4/dYST2L9Km8JbVQAVForRflHa2dGhaonRyEJUco/O9kyGNDahP0F7DQVKoWyslhxkcqSo8N2qYMwFQl0jDHUDSl6KlOtMAOKiJLEBpKxNX9ZPdxtXwTyy9LEY6AlUQZz+KKZtUewbkqSWvdzb/3KR/T7rUwrLAnYP5gFZV3x9ZjUH/WcEvAzT8SYWJCaxEhVYr6NJdkwWjU/QcFdfxhOCXFHOLPjrDRzKSvtwhJxRtWw1VELXqpRdhXAtQ==\n",
            "public_key_pem": "-----BEGIN PUBLIC KEY-----\nMIICIjANBgkqhkiG9w0BAQEFAAOCAg8AMIICCgKCAgEAqEkvzDCU67JoSr6ZQRbG\nYuHmy67A1Z4lfsk55D4s+caUqGihJtbw9WBL2yK5YXVlOvvLtiOvovUh0hbO+GV9\nZ5XWzngQhspjx8ic4M1ziiU0q61aMMTw1fq8fi0tRSrjjMuYWA2jZTOSkGRJRZBm\nNmcqtzf4WqoFeOD/7jVpl4dI2Hc1iupI06/eOhmJlHFD3rPRVzD+YUJyQgN2dVJ3\nhL8i+TEq6QxfqH5JqafEVFEq1T6kpF30BYF9Nb8XlREI0lja2fVEAYWMuGuR2anH\nD7bkaKEwAnyxI1TyJNCgeuePezpj7hNV9BtceBBJXh4FQsTKJsoK1CC5D5nFRjBH\nW1molHQBgiu/CDEOl06Kcdj0xVEF3/1FXT/Idp1EbnuqFjxw6Dd47x/Y7a3zzYIL\nLkuPESBUEAinNKDetSd/xl4dJTMkOP3WEk9i/SpvCW1UAFRaK0X5R2tnRoWqJ0ch\nCVHKPzvZMhjQ2oT9Bew0FSqFsrJYcZHKkqPDdqmDMBUJdIwx1A0peipTrTADioiS\nxAaSsTV/WT3cbV8E8svSxGOgJVEGc/iimbVHsG5Kklr3c2/9ykf0+61MKywJ2D+Y\nBWVd8fWY1B/1nBLwM0/EmFiQmsRIVWK+jSXZMFo1P0HBXX8YTglxRziz46w0cykr\n7cIScUbVsNVRC16qUXYVwLUCAwEAAQ==\n-----END PUBLIC KEY-----\n",
            "rsa_bits": 4096
          },
          "sensitive_attributes": []
        }
      ]
    }
  ]
}
